
Microsoft Visual Studio Solution File, Format Version 12.00
# Visual Studio Version 17
VisualStudioVersion = 17.0.32126.317
MinimumVisualStudioVersion = 10.0.40219.1
Project("{FAE04EC0-301F-11D3-BF4B-00C04F79EFBC}") = "Apartments", "Apartments\Apartments.csproj", "{143A07B7-1264-4721-8CE9-4547EC017866}"
EndProject
Global
	GlobalSection(SolutionConfigurationPlatforms) = preSolution
		Debug|Any CPU = Debug|Any CPU
		Release|Any CPU = Release|Any CPU
	EndGlobalSection
	GlobalSection(ProjectConfigurationPlatforms) = postSolution
		{143A07B7-1264-4721-8CE9-4547EC017866}.Debug|Any CPU.ActiveCfg = Debug|Any CPU
		{143A07B7-1264-4721-8CE9-4547EC017866}.Debug|Any CPU.Build.0 = Debug|Any CPU
		{143A07B7-1264-4721-8CE9-4547EC017866}.Release|Any CPU.ActiveCfg = Release|Any CPU
		{143A07B7-1264-4721-8CE9-4547EC017866}.Release|Any CPU.Build.0 = Release|Any CPU
	EndGlobalSection
	GlobalSection(SolutionProperties) = preSolution
		HideSolutionNode = FALSE
	EndGlobalSection
	GlobalSection(ExtensibilityGlobals) = postSolution
		SolutionGuid = {B43506C7-CDAA-44FB-808C-3E5F0177068D}
	EndGlobalSection
EndGlobal
